
Microsoft Visual Studio Solution File, Format Version 12.00
# Visual Studio Version 17
VisualStudioVersion = 17.1.32414.318
MinimumVisualStudioVersion = 10.0.40219.1
Project("{FAE04EC0-301F-11D3-BF4B-00C04F79EFBC}") = "Linq3Exercicio", "Linq3Exercicio\Linq3Exercicio.csproj", "{3178E65F-9066-45C4-A063-E23EE60683E5}"
EndProject
Global
	GlobalSection(SolutionConfigurationPlatforms) = preSolution
		Debug|Any CPU = Debug|Any CPU
		Release|Any CPU = Release|Any CPU
	EndGlobalSection
	GlobalSection(ProjectConfigurationPlatforms) = postSolution
		{3178E65F-9066-45C4-A063-E23EE60683E5}.Debug|Any CPU.ActiveCfg = Debug|Any CPU
		{3178E65F-9066-45C4-A063-E23EE60683E5}.Debug|Any CPU.Build.0 = Debug|Any CPU
		{3178E65F-9066-45C4-A063-E23EE60683E5}.Release|Any CPU.ActiveCfg = Release|Any CPU
		{3178E65F-9066-45C4-A063-E23EE60683E5}.Release|Any CPU.Build.0 = Release|Any CPU
	EndGlobalSection
	GlobalSection(SolutionProperties) = preSolution
		HideSolutionNode = FALSE
	EndGlobalSection
	GlobalSection(ExtensibilityGlobals) = postSolution
		SolutionGuid = {87A0612C-CBE9-40BA-B403-3BDB3FD1869C}
	EndGlobalSection
EndGlobal
